// !$*UTF8*$!
{
	archiveVersion = 1;
	classes = {
	};
	objectVersion = 50;
	objects = {

/* Begin PBXBuildFile section */
		13424250258C7EE2001EB499 /* MenuView.xib in Resources */ = {isa = PBXBuildFile; fileRef = 1342424F258C7EE2001EB499 /* MenuView.xib */; };
		13424255258C7F04001EB499 /* MenuViewController.swift in Sources */ = {isa = PBXBuildFile; fileRef = 13424254258C7F04001EB499 /* MenuViewController.swift */; };
		13495E63256168E5000DA749 /* MenuController.swift in Sources */ = {isa = PBXBuildFile; fileRef = 13495E62256168E5000DA749 /* MenuController.swift */; };
		135001F9258861C000A6FF7A /* AdventisementCell.swift in Sources */ = {isa = PBXBuildFile; fileRef = 135001F8258861C000A6FF7A /* AdventisementCell.swift */; };
		135001FE2588631000A6FF7A /* MenuCell.swift in Sources */ = {isa = PBXBuildFile; fileRef = 135001FD2588631000A6FF7A /* MenuCell.swift */; };
		1350020A258865AB00A6FF7A /* HomeController.swift in Sources */ = {isa = PBXBuildFile; fileRef = 13500209258865AB00A6FF7A /* HomeController.swift */; };
		1350021725886D3200A6FF7A /* SearchController.swift in Sources */ = {isa = PBXBuildFile; fileRef = 1350021625886D3100A6FF7A /* SearchController.swift */; };
		1350021C25886D4400A6FF7A /* CategoryController.swift in Sources */ = {isa = PBXBuildFile; fileRef = 1350021B25886D4400A6FF7A /* CategoryController.swift */; };
		1358224D25612ABD0096CFAA /* AppDelegate.swift in Sources */ = {isa = PBXBuildFile; fileRef = 1358224C25612ABD0096CFAA /* AppDelegate.swift */; };
		1358224F25612ABD0096CFAA /* SceneDelegate.swift in Sources */ = {isa = PBXBuildFile; fileRef = 1358224E25612ABD0096CFAA /* SceneDelegate.swift */; };
		1358225125612ABD0096CFAA /* ViewController.swift in Sources */ = {isa = PBXBuildFile; fileRef = 1358225025612ABD0096CFAA /* ViewController.swift */; };
		1358225425612ABD0096CFAA /* Main.storyboard in Resources */ = {isa = PBXBuildFile; fileRef = 1358225225612ABD0096CFAA /* Main.storyboard */; };
		1358225725612ABD0096CFAA /* HocTrucTuyen.xcdatamodeld in Sources */ = {isa = PBXBuildFile; fileRef = 1358225525612ABD0096CFAA /* HocTrucTuyen.xcdatamodeld */; };
		1358225925612ABE0096CFAA /* Assets.xcassets in Resources */ = {isa = PBXBuildFile; fileRef = 1358225825612ABE0096CFAA /* Assets.xcassets */; };
		1358225C25612ABF0096CFAA /* LaunchScreen.storyboard in Resources */ = {isa = PBXBuildFile; fileRef = 1358225A25612ABF0096CFAA /* LaunchScreen.storyboard */; };
		1358226725612ABF0096CFAA /* HocTrucTuyenTests.swift in Sources */ = {isa = PBXBuildFile; fileRef = 1358226625612ABF0096CFAA /* HocTrucTuyenTests.swift */; };
		1358227225612ABF0096CFAA /* HocTrucTuyenUITests.swift in Sources */ = {isa = PBXBuildFile; fileRef = 1358227125612ABF0096CFAA /* HocTrucTuyenUITests.swift */; };
		135F6BD92594738700B8EED6 /* CourseTableCell.swift in Sources */ = {isa = PBXBuildFile; fileRef = 135F6BD82594738700B8EED6 /* CourseTableCell.swift */; };
		138367472594D7F100E383BB /* Instance.swift in Sources */ = {isa = PBXBuildFile; fileRef = 138367462594D7F100E383BB /* Instance.swift */; };
		13E23365258890CC00390565 /* Adventisement.swift in Sources */ = {isa = PBXBuildFile; fileRef = 13E23364258890CC00390565 /* Adventisement.swift */; };
/* End PBXBuildFile section */

/* Begin PBXContainerItemProxy section */
		1358226325612ABF0096CFAA /* PBXContainerItemProxy */ = {
			isa = PBXContainerItemProxy;
			containerPortal = 1358224125612ABD0096CFAA /* Project object */;
			proxyType = 1;
			remoteGlobalIDString = 1358224825612ABD0096CFAA;
			remoteInfo = HocTrucTuyen;
		};
		1358226E25612ABF0096CFAA /* PBXContainerItemProxy */ = {
			isa = PBXContainerItemProxy;
			containerPortal = 1358224125612ABD0096CFAA /* Project object */;
			proxyType = 1;
			remoteGlobalIDString = 1358224825612ABD0096CFAA;
			remoteInfo = HocTrucTuyen;
		};
/* End PBXContainerItemProxy section */

/* Begin PBXFileReference section */
		1342424F258C7EE2001EB499 /* MenuView.xib */ = {isa = PBXFileReference; lastKnownFileType = file.xib; path = MenuView.xib; sourceTree = "<group>"; };
		13424254258C7F04001EB499 /* MenuViewController.swift */ = {isa = PBXFileReference; lastKnownFileType = sourcecode.swift; path = MenuViewController.swift; sourceTree = "<group>"; };
		13495E62256168E5000DA749 /* MenuController.swift */ = {isa = PBXFileReference; lastKnownFileType = sourcecode.swift; path = MenuController.swift; sourceTree = "<group>"; };
		135001F8258861C000A6FF7A /* AdventisementCell.swift */ = {isa = PBXFileReference; lastKnownFileType = sourcecode.swift; path = AdventisementCell.swift; sourceTree = "<group>"; };
		135001FD2588631000A6FF7A /* MenuCell.swift */ = {isa = PBXFileReference; lastKnownFileType = sourcecode.swift; path = MenuCell.swift; sourceTree = "<group>"; };
		13500209258865AB00A6FF7A /* HomeController.swift */ = {isa = PBXFileReference; lastKnownFileType = sourcecode.swift; path = HomeController.swift; sourceTree = "<group>"; };
		1350021625886D3100A6FF7A /* SearchController.swift */ = {isa = PBXFileReference; lastKnownFileType = sourcecode.swift; path = SearchController.swift; sourceTree = "<group>"; };
		1350021B25886D4400A6FF7A /* CategoryController.swift */ = {isa = PBXFileReference; lastKnownFileType = sourcecode.swift; path = CategoryController.swift; sourceTree = "<group>"; };
		1358224925612ABD0096CFAA /* HocTrucTuyen.app */ = {isa = PBXFileReference; explicitFileType = wrapper.application; includeInIndex = 0; path = HocTrucTuyen.app; sourceTree = BUILT_PRODUCTS_DIR; };
		1358224C25612ABD0096CFAA /* AppDelegate.swift */ = {isa = PBXFileReference; lastKnownFileType = sourcecode.swift; path = AppDelegate.swift; sourceTree = "<group>"; };
		1358224E25612ABD0096CFAA /* SceneDelegate.swift */ = {isa = PBXFileReference; lastKnownFileType = sourcecode.swift; path = SceneDelegate.swift; sourceTree = "<group>"; };
		1358225025612ABD0096CFAA /* ViewController.swift */ = {isa = PBXFileReference; lastKnownFileType = sourcecode.swift; path = ViewController.swift; sourceTree = "<group>"; };
		1358225325612ABD0096CFAA /* Base */ = {isa = PBXFileReference; lastKnownFileType = file.storyboard; name = Base; path = Base.lproj/Main.storyboard; sourceTree = "<group>"; };
		1358225625612ABD0096CFAA /* HocTrucTuyen.xcdatamodel */ = {isa = PBXFileReference; lastKnownFileType = wrapper.xcdatamodel; path = HocTrucTuyen.xcdatamodel; sourceTree = "<group>"; };
		1358225825612ABE0096CFAA /* Assets.xcassets */ = {isa = PBXFileReference; lastKnownFileType = folder.assetcatalog; path = Assets.xcassets; sourceTree = "<group>"; };
		1358225B25612ABF0096CFAA /* Base */ = {isa = PBXFileReference; lastKnownFileType = file.storyboard; name = Base; path = Base.lproj/LaunchScreen.storyboard; sourceTree = "<group>"; };
		1358225D25612ABF0096CFAA /* Info.plist */ = {isa = PBXFileReference; lastKnownFileType = text.plist.xml; path = Info.plist; sourceTree = "<group>"; };
		1358226225612ABF0096CFAA /* HocTrucTuyenTests.xctest */ = {isa = PBXFileReference; explicitFileType = wrapper.cfbundle; includeInIndex = 0; path = HocTrucTuyenTests.xctest; sourceTree = BUILT_PRODUCTS_DIR; };
		1358226625612ABF0096CFAA /* HocTrucTuyenTests.swift */ = {isa = PBXFileReference; lastKnownFileType = sourcecode.swift; path = HocTrucTuyenTests.swift; sourceTree = "<group>"; };
		1358226825612ABF0096CFAA /* Info.plist */ = {isa = PBXFileReference; lastKnownFileType = text.plist.xml; path = Info.plist; sourceTree = "<group>"; };
		1358226D25612ABF0096CFAA /* HocTrucTuyenUITests.xctest */ = {isa = PBXFileReference; explicitFileType = wrapper.cfbundle; includeInIndex = 0; path = HocTrucTuyenUITests.xctest; sourceTree = BUILT_PRODUCTS_DIR; };
		1358227125612ABF0096CFAA /* HocTrucTuyenUITests.swift */ = {isa = PBXFileReference; lastKnownFileType = sourcecode.swift; path = HocTrucTuyenUITests.swift; sourceTree = "<group>"; };
		1358227325612ABF0096CFAA /* Info.plist */ = {isa = PBXFileReference; lastKnownFileType = text.plist.xml; path = Info.plist; sourceTree = "<group>"; };
		135F6BD82594738700B8EED6 /* CourseTableCell.swift */ = {isa = PBXFileReference; lastKnownFileType = sourcecode.swift; path = CourseTableCell.swift; sourceTree = "<group>"; };
		138367462594D7F100E383BB /* Instance.swift */ = {isa = PBXFileReference; lastKnownFileType = sourcecode.swift; path = Instance.swift; sourceTree = "<group>"; };
		13E23364258890CC00390565 /* Adventisement.swift */ = {isa = PBXFileReference; lastKnownFileType = sourcecode.swift; path = Adventisement.swift; sourceTree = "<group>"; };
/* End PBXFileReference section */

/* Begin PBXFrameworksBuildPhase section */
		1358224625612ABD0096CFAA /* Frameworks */ = {
			isa = PBXFrameworksBuildPhase;
			buildActionMask = 2147483647;
			files = (
			);
			runOnlyForDeploymentPostprocessing = 0;
		};
		1358225F25612ABF0096CFAA /* Frameworks */ = {
			isa = PBXFrameworksBuildPhase;
			buildActionMask = 2147483647;
			files = (
			);
			runOnlyForDeploymentPostprocessing = 0;
		};
		1358226A25612ABF0096CFAA /* Frameworks */ = {
			isa = PBXFrameworksBuildPhase;
			buildActionMask = 2147483647;
			files = (
			);
			runOnlyForDeploymentPostprocessing = 0;
		};
/* End PBXFrameworksBuildPhase section */

/* Begin PBXGroup section */
		13424248258C7ACD001EB499 /* Shares */ = {
			isa = PBXGroup;
			children = (
				1342424F258C7EE2001EB499 /* MenuView.xib */,
				13424254258C7F04001EB499 /* MenuViewController.swift */,
				138367462594D7F100E383BB /* Instance.swift */,
			);
			path = Shares;
			sourceTree = "<group>";
		};
		135002052588634100A6FF7A /* Cells */ = {
			isa = PBXGroup;
			children = (
				135001F8258861C000A6FF7A /* AdventisementCell.swift */,
				135001FD2588631000A6FF7A /* MenuCell.swift */,
				135F6BD82594738700B8EED6 /* CourseTableCell.swift */,
			);
			path = Cells;
			sourceTree = "<group>";
		};
		1350020E258865CB00A6FF7A /* Layout */ = {
			isa = PBXGroup;
			children = (
				1358225025612ABD0096CFAA /* ViewController.swift */,
				13495E62256168E5000DA749 /* MenuController.swift */,
			);
			path = Layout;
			sourceTree = "<group>";
		};
		135002122588665200A6FF7A /* View */ = {
			isa = PBXGroup;
			children = (
				13500209258865AB00A6FF7A /* HomeController.swift */,
				1350021625886D3100A6FF7A /* SearchController.swift */,
				1350021B25886D4400A6FF7A /* CategoryController.swift */,
			);
			path = View;
			sourceTree = "<group>";
		};
		1358224025612ABD0096CFAA = {
			isa = PBXGroup;
			children = (
				1358224B25612ABD0096CFAA /* HocTrucTuyen */,
				1358226525612ABF0096CFAA /* HocTrucTuyenTests */,
				1358227025612ABF0096CFAA /* HocTrucTuyenUITests */,
				1358224A25612ABD0096CFAA /* Products */,
			);
			sourceTree = "<group>";
		};
		1358224A25612ABD0096CFAA /* Products */ = {
			isa = PBXGroup;
			children = (
				1358224925612ABD0096CFAA /* HocTrucTuyen.app */,
				1358226225612ABF0096CFAA /* HocTrucTuyenTests.xctest */,
				1358226D25612ABF0096CFAA /* HocTrucTuyenUITests.xctest */,
			);
			name = Products;
			sourceTree = "<group>";
		};
		1358224B25612ABD0096CFAA /* HocTrucTuyen */ = {
			isa = PBXGroup;
			children = (
				13424248258C7ACD001EB499 /* Shares */,
				135002052588634100A6FF7A /* Cells */,
				1350020E258865CB00A6FF7A /* Layout */,
				1358224E25612ABD0096CFAA /* SceneDelegate.swift */,
				1358224C25612ABD0096CFAA /* AppDelegate.swift */,
				1358225225612ABD0096CFAA /* Main.storyboard */,
				1358225825612ABE0096CFAA /* Assets.xcassets */,
				1358225A25612ABF0096CFAA /* LaunchScreen.storyboard */,
				1358225D25612ABF0096CFAA /* Info.plist */,
				1358225525612ABD0096CFAA /* HocTrucTuyen.xcdatamodeld */,
				135002122588665200A6FF7A /* View */,
				13E23369258890D100390565 /* Models */,
			);
			path = HocTrucTuyen;
			sourceTree = "<group>";
		};
		1358226525612ABF0096CFAA /* HocTrucTuyenTests */ = {
			isa = PBXGroup;
			children = (
				1358226625612ABF0096CFAA /* HocTrucTuyenTests.swift */,
				1358226825612ABF0096CFAA /* Info.plist */,
			);
			path = HocTrucTuyenTests;
			sourceTree = "<group>";
		};
		1358227025612ABF0096CFAA /* HocTrucTuyenUITests */ = {
			isa = PBXGroup;
			children = (
				1358227125612ABF0096CFAA /* HocTrucTuyenUITests.swift */,
				1358227325612ABF0096CFAA /* Info.plist */,
			);
			path = HocTrucTuyenUITests;
			sourceTree = "<group>";
		};
		13E23369258890D100390565 /* Models */ = {
			isa = PBXGroup;
			children = (
				13E23364258890CC00390565 /* Adventisement.swift */,
			);
			path = Models;
			sourceTree = "<group>";
		};
/* End PBXGroup section */

/* Begin PBXNativeTarget section */
		1358224825612ABD0096CFAA /* HocTrucTuyen */ = {
			isa = PBXNativeTarget;
			buildConfigurationList = 1358227625612ABF0096CFAA /* Build configuration list for PBXNativeTarget "HocTrucTuyen" */;
			buildPhases = (
				1358224525612ABD0096CFAA /* Sources */,
				1358224625612ABD0096CFAA /* Frameworks */,
				1358224725612ABD0096CFAA /* Resources */,
			);
			buildRules = (
			);
			dependencies = (
			);
			name = HocTrucTuyen;
			productName = HocTrucTuyen;
			productReference = 1358224925612ABD0096CFAA /* HocTrucTuyen.app */;
			productType = "com.apple.product-type.application";
		};
		1358226125612ABF0096CFAA /* HocTrucTuyenTests */ = {
			isa = PBXNativeTarget;
			buildConfigurationList = 1358227925612ABF0096CFAA /* Build configuration list for PBXNativeTarget "HocTrucTuyenTests" */;
			buildPhases = (
				1358225E25612ABF0096CFAA /* Sources */,
				1358225F25612ABF0096CFAA /* Frameworks */,
				1358226025612ABF0096CFAA /* Resources */,
			);
			buildRules = (
			);
			dependencies = (
				1358226425612ABF0096CFAA /* PBXTargetDependency */,
			);
			name = HocTrucTuyenTests;
			productName = HocTrucTuyenTests;
			productReference = 1358226225612ABF0096CFAA /* HocTrucTuyenTests.xctest */;
			productType = "com.apple.product-type.bundle.unit-test";
		};
		1358226C25612ABF0096CFAA /* HocTrucTuyenUITests */ = {
			isa = PBXNativeTarget;
			buildConfigurationList = 1358227C25612ABF0096CFAA /* Build configuration list for PBXNativeTarget "HocTrucTuyenUITests" */;
			buildPhases = (
				1358226925612ABF0096CFAA /* Sources */,
				1358226A25612ABF0096CFAA /* Frameworks */,
				1358226B25612ABF0096CFAA /* Resources */,
			);
			buildRules = (
			);
			dependencies = (
				1358226F25612ABF0096CFAA /* PBXTargetDependency */,
			);
			name = HocTrucTuyenUITests;
			productName = HocTrucTuyenUITests;
			productReference = 1358226D25612ABF0096CFAA /* HocTrucTuyenUITests.xctest */;
			productType = "com.apple.product-type.bundle.ui-testing";
		};
/* End PBXNativeTarget section */

/* Begin PBXProject section */
		1358224125612ABD0096CFAA /* Project object */ = {
			isa = PBXProject;
			attributes = {
				LastSwiftUpdateCheck = 1220;
				LastUpgradeCheck = 1220;
				TargetAttributes = {
					1358224825612ABD0096CFAA = {
						CreatedOnToolsVersion = 12.2;
					};
					1358226125612ABF0096CFAA = {
						CreatedOnToolsVersion = 12.2;
						TestTargetID = 1358224825612ABD0096CFAA;
					};
					1358226C25612ABF0096CFAA = {
						CreatedOnToolsVersion = 12.2;
						TestTargetID = 1358224825612ABD0096CFAA;
					};
				};
			};
			buildConfigurationList = 1358224425612ABD0096CFAA /* Build configuration list for PBXProject "HocTrucTuyen" */;
			compatibilityVersion = "Xcode 9.3";
			developmentRegion = en;
			hasScannedForEncodings = 0;
			knownRegions = (
				en,
				Base,
			);
			mainGroup = 1358224025612ABD0096CFAA;
			productRefGroup = 1358224A25612ABD0096CFAA /* Products */;
			projectDirPath = "";
			projectRoot = "";
			targets = (
				1358224825612ABD0096CFAA /* HocTrucTuyen */,
				1358226125612ABF0096CFAA /* HocTrucTuyenTests */,
				1358226C25612ABF0096CFAA /* HocTrucTuyenUITests */,
			);
		};
/* End PBXProject section */

/* Begin PBXResourcesBuildPhase section */
		1358224725612ABD0096CFAA /* Resources */ = {
			isa = PBXResourcesBuildPhase;
			buildActionMask = 2147483647;
			files = (
				1358225C25612ABF0096CFAA /* LaunchScreen.storyboard in Resources */,
				13424250258C7EE2001EB499 /* MenuView.xib in Resources */,
				1358225925612ABE0096CFAA /* Assets.xcassets in Resources */,
				1358225425612ABD0096CFAA /* Main.storyboard in Resources */,
			);
			runOnlyForDeploymentPostprocessing = 0;
		};
		1358226025612ABF0096CFAA /* Resources */ = {
			isa = PBXResourcesBuildPhase;
			buildActionMask = 2147483647;
			files = (
			);
			runOnlyForDeploymentPostprocessing = 0;
		};
		1358226B25612ABF0096CFAA /* Resources */ = {
			isa = PBXResourcesBuildPhase;
			buildActionMask = 2147483647;
			files = (
			);
			runOnlyForDeploymentPostprocessing = 0;
		};
/* End PBXResourcesBuildPhase section */

/* Begin PBXSourcesBuildPhase section */
		1358224525612ABD0096CFAA /* Sources */ = {
			isa = PBXSourcesBuildPhase;
			buildActionMask = 2147483647;
			files = (
				1358225125612ABD0096CFAA /* ViewController.swift in Sources */,
				13E23365258890CC00390565 /* Adventisement.swift in Sources */,
				1350021725886D3200A6FF7A /* SearchController.swift in Sources */,
				1358224D25612ABD0096CFAA /* AppDelegate.swift in Sources */,
				138367472594D7F100E383BB /* Instance.swift in Sources */,
				135001F9258861C000A6FF7A /* AdventisementCell.swift in Sources */,
				1350021C25886D4400A6FF7A /* CategoryController.swift in Sources */,
				1358225725612ABD0096CFAA /* HocTrucTuyen.xcdatamodeld in Sources */,
				13424255258C7F04001EB499 /* MenuViewController.swift in Sources */,
				1350020A258865AB00A6FF7A /* HomeController.swift in Sources */,
				1358224F25612ABD0096CFAA /* SceneDelegate.swift in Sources */,
				135001FE2588631000A6FF7A /* MenuCell.swift in Sources */,
				135F6BD92594738700B8EED6 /* CourseTableCell.swift in Sources */,
				13495E63256168E5000DA749 /* MenuController.swift in Sources */,
			);
			runOnlyForDeploymentPostprocessing = 0;
		};
		1358225E25612ABF0096CFAA /* Sources */ = {
			isa = PBXSourcesBuildPhase;
			buildActionMask = 2147483647;
			files = (
				1358226725612ABF0096CFAA /* HocTrucTuyenTests.swift in Sources */,
			);
			runOnlyForDeploymentPostprocessing = 0;
		};
		1358226925612ABF0096CFAA /* Sources */ = {
			isa = PBXSourcesBuildPhase;
			buildActionMask = 2147483647;
			files = (
				1358227225612ABF0096CFAA /* HocTrucTuyenUITests.swift in Sources */,
			);
			runOnlyForDeploymentPostprocessing = 0;
		};
/* End PBXSourcesBuildPhase section */

/* Begin PBXTargetDependency section */
		1358226425612ABF0096CFAA /* PBXTargetDependency */ = {
			isa = PBXTargetDependency;
			target = 1358224825612ABD0096CFAA /* HocTrucTuyen */;
			targetProxy = 1358226325612ABF0096CFAA /* PBXContainerItemProxy */;
		};
		1358226F25612ABF0096CFAA /* PBXTargetDependency */ = {
			isa = PBXTargetDependency;
			target = 1358224825612ABD0096CFAA /* HocTrucTuyen */;
			targetProxy = 1358226E25612ABF0096CFAA /* PBXContainerItemProxy */;
		};
/* End PBXTargetDependency section */

/* Begin PBXVariantGroup section */
		1358225225612ABD0096CFAA /* Main.storyboard */ = {
			isa = PBXVariantGroup;
			children = (
				1358225325612ABD0096CFAA /* Base */,
			);
			name = Main.storyboard;
			sourceTree = "<group>";
		};
		1358225A25612ABF0096CFAA /* LaunchScreen.storyboard */ = {
			isa = PBXVariantGroup;
			children = (
				1358225B25612ABF0096CFAA /* Base */,
			);
			name = LaunchScreen.storyboard;
			sourceTree = "<group>";
		};
/* End PBXVariantGroup section */

/* Begin XCBuildConfiguration section */
		1358227425612ABF0096CFAA /* Debug */ = {
			isa = XCBuildConfiguration;
			buildSettings = {
				ALWAYS_SEARCH_USER_PATHS = NO;
				CLANG_ANALYZER_NONNULL = YES;
				CLANG_ANALYZER_NUMBER_OBJECT_CONVERSION = YES_AGGRESSIVE;
				CLANG_CXX_LANGUAGE_STANDARD = "gnu++14";
				CLANG_CXX_LIBRARY = "libc++";
				CLANG_ENABLE_MODULES = YES;
				CLANG_ENABLE_OBJC_ARC = YES;
				CLANG_ENABLE_OBJC_WEAK = YES;
				CLANG_WARN_BLOCK_CAPTURE_AUTORELEASING = YES;
				CLANG_WARN_BOOL_CONVERSION = YES;
				CLANG_WARN_COMMA = YES;
				CLANG_WARN_CONSTANT_CONVERSION = YES;
				CLANG_WARN_DEPRECATED_OBJC_IMPLEMENTATIONS = YES;
				CLANG_WARN_DIRECT_OBJC_ISA_USAGE = YES_ERROR;
				CLANG_WARN_DOCUMENTATION_COMMENTS = YES;
				CLANG_WARN_EMPTY_BODY = YES;
				CLANG_WARN_ENUM_CONVERSION = YES;
				CLANG_WARN_INFINITE_RECURSION = YES;
				CLANG_WARN_INT_CONVERSION = YES;
				CLANG_WARN_NON_LITERAL_NULL_CONVERSION = YES;
				CLANG_WARN_OBJC_IMPLICIT_RETAIN_SELF = YES;
				CLANG_WARN_OBJC_LITERAL_CONVERSION = YES;
				CLANG_WARN_OBJC_ROOT_CLASS = YES_ERROR;
				CLANG_WARN_QUOTED_INCLUDE_IN_FRAMEWORK_HEADER = YES;
				CLANG_WARN_RANGE_LOOP_ANALYSIS = YES;
				CLANG_WARN_STRICT_PROTOTYPES = YES;
				CLANG_WARN_SUSPICIOUS_MOVE = YES;
				CLANG_WARN_UNGUARDED_AVAILABILITY = YES_AGGRESSIVE;
				CLANG_WARN_UNREACHABLE_CODE = YES;
				CLANG_WARN__DUPLICATE_METHOD_MATCH = YES;
				COPY_PHASE_STRIP = NO;
				DEBUG_INFORMATION_FORMAT = dwarf;
				ENABLE_STRICT_OBJC_MSGSEND = YES;
				ENABLE_TESTABILITY = YES;
				GCC_C_LANGUAGE_STANDARD = gnu11;
				GCC_DYNAMIC_NO_PIC = NO;
				GCC_NO_COMMON_BLOCKS = YES;
				GCC_OPTIMIZATION_LEVEL = 0;
				GCC_PREPROCESSOR_DEFINITIONS = (
					"DEBUG=1",
					"$(inherited)",
				);
				GCC_WARN_64_TO_32_BIT_CONVERSION = YES;
				GCC_WARN_ABOUT_RETURN_TYPE = YES_ERROR;
				GCC_WARN_UNDECLARED_SELECTOR = YES;
				GCC_WARN_UNINITIALIZED_AUTOS = YES_AGGRESSIVE;
				GCC_WARN_UNUSED_FUNCTION = YES;
				GCC_WARN_UNUSED_VARIABLE = YES;
				IPHONEOS_DEPLOYMENT_TARGET = 14.2;
				MTL_ENABLE_DEBUG_INFO = INCLUDE_SOURCE;
				MTL_FAST_MATH = YES;
				ONLY_ACTIVE_ARCH = YES;
				SDKROOT = iphoneos;
				SWIFT_ACTIVE_COMPILATION_CONDITIONS = DEBUG;
				SWIFT_OPTIMIZATION_LEVEL = "-Onone";
			};
			name = Debug;
		};
		1358227525612ABF0096CFAA /* Release */ = {
			isa = XCBuildConfiguration;
			buildSettings = {
				ALWAYS_SEARCH_USER_PATHS = NO;
				CLANG_ANALYZER_NONNULL = YES;
				CLANG_ANALYZER_NUMBER_OBJECT_CONVERSION = YES_AGGRESSIVE;
				CLANG_CXX_LANGUAGE_STANDARD = "gnu++14";
				CLANG_CXX_LIBRARY = "libc++";
				CLANG_ENABLE_MODULES = YES;
				CLANG_ENABLE_OBJC_ARC = YES;
				CLANG_ENABLE_OBJC_WEAK = YES;
				CLANG_WARN_BLOCK_CAPTURE_AUTORELEASING = YES;
				CLANG_WARN_BOOL_CONVERSION = YES;
				CLANG_WARN_COMMA = YES;
				CLANG_WARN_CONSTANT_CONVERSION = YES;
				CLANG_WARN_DEPRECATED_OBJC_IMPLEMENTATIONS = YES;
				CLANG_WARN_DIRECT_OBJC_ISA_USAGE = YES_ERROR;
				CLANG_WARN_DOCUMENTATION_COMMENTS = YES;
				CLANG_WARN_EMPTY_BODY = YES;
				CLANG_WARN_ENUM_CONVERSION = YES;
				CLANG_WARN_INFINITE_RECURSION = YES;
				CLANG_WARN_INT_CONVERSION = YES;
				CLANG_WARN_NON_LITERAL_NULL_CONVERSION = YES;
				CLANG_WARN_OBJC_IMPLICIT_RETAIN_SELF = YES;
				CLANG_WARN_OBJC_LITERAL_CONVERSION = YES;
				CLANG_WARN_OBJC_ROOT_CLASS = YES_ERROR;
				CLANG_WARN_QUOTED_INCLUDE_IN_FRAMEWORK_HEADER = YES;
				CLANG_WARN_RANGE_LOOP_ANALYSIS = YES;
				CLANG_WARN_STRICT_PROTOTYPES = YES;
				CLANG_WARN_SUSPICIOUS_MOVE = YES;
				CLANG_WARN_UNGUARDED_AVAILABILITY = YES_AGGRESSIVE;
				CLANG_WARN_UNREACHABLE_CODE = YES;
				CLANG_WARN__DUPLICATE_METHOD_MATCH = YES;
				COPY_PHASE_STRIP = NO;
				DEBUG_INFORMATION_FORMAT = "dwarf-with-dsym";
				ENABLE_NS_ASSERTIONS = NO;
				ENABLE_STRICT_OBJC_MSGSEND = YES;
				GCC_C_LANGUAGE_STANDARD = gnu11;
				GCC_NO_COMMON_BLOCKS = YES;
				GCC_WARN_64_TO_32_BIT_CONVERSION = YES;
				GCC_WARN_ABOUT_RETURN_TYPE = YES_ERROR;
				GCC_WARN_UNDECLARED_SELECTOR = YES;
				GCC_WARN_UNINITIALIZED_AUTOS = YES_AGGRESSIVE;
				GCC_WARN_UNUSED_FUNCTION = YES;
				GCC_WARN_UNUSED_VARIABLE = YES;
				IPHONEOS_DEPLOYMENT_TARGET = 14.2;
				MTL_ENABLE_DEBUG_INFO = NO;
				MTL_FAST_MATH = YES;
				SDKROOT = iphoneos;
				SWIFT_COMPILATION_MODE = wholemodule;
				SWIFT_OPTIMIZATION_LEVEL = "-O";
				VALIDATE_PRODUCT = YES;
			};
			name = Release;
		};
		1358227725612ABF0096CFAA /* Debug */ = {
			isa = XCBuildConfiguration;
			buildSettings = {
				ASSETCATALOG_COMPILER_APPICON_NAME = AppIcon;
				ASSETCATALOG_COMPILER_GLOBAL_ACCENT_COLOR_NAME = AccentColor;
				CODE_SIGN_STYLE = Automatic;
				INFOPLIST_FILE = HocTrucTuyen/Info.plist;
				LD_RUNPATH_SEARCH_PATHS = (
					"$(inherited)",
					"@executable_path/Frameworks",
				);
				PRODUCT_BUNDLE_IDENTIFIER = thanduchuy.HocTrucTuyen;
				PRODUCT_NAME = "$(TARGET_NAME)";
				SWIFT_VERSION = 5.0;
				TARGETED_DEVICE_FAMILY = "1,2";
			};
			name = Debug;
		};
		1358227825612ABF0096CFAA /* Release */ = {
			isa = XCBuildConfiguration;
			buildSettings = {
				ASSETCATALOG_COMPILER_APPICON_NAME = AppIcon;
				ASSETCATALOG_COMPILER_GLOBAL_ACCENT_COLOR_NAME = AccentColor;
				CODE_SIGN_STYLE = Automatic;
				INFOPLIST_FILE = HocTrucTuyen/Info.plist;
				LD_RUNPATH_SEARCH_PATHS = (
					"$(inherited)",
					"@executable_path/Frameworks",
				);
				PRODUCT_BUNDLE_IDENTIFIER = thanduchuy.HocTrucTuyen;
				PRODUCT_NAME = "$(TARGET_NAME)";
				SWIFT_VERSION = 5.0;
				TARGETED_DEVICE_FAMILY = "1,2";
			};
			name = Release;
		};
		1358227A25612ABF0096CFAA /* Debug */ = {
			isa = XCBuildConfiguration;
			buildSettings = {
				ALWAYS_EMBED_SWIFT_STANDARD_LIBRARIES = YES;
				BUNDLE_LOADER = "$(TEST_HOST)";
				CODE_SIGN_STYLE = Automatic;
				INFOPLIST_FILE = HocTrucTuyenTests/Info.plist;
				IPHONEOS_DEPLOYMENT_TARGET = 14.2;
				LD_RUNPATH_SEARCH_PATHS = (
					"$(inherited)",
					"@executable_path/Frameworks",
					"@loader_path/Frameworks",
				);
				PRODUCT_BUNDLE_IDENTIFIER = thanduchuy.HocTrucTuyenTests;
				PRODUCT_NAME = "$(TARGET_NAME)";
				SWIFT_VERSION = 5.0;
				TARGETED_DEVICE_FAMILY = "1,2";
				TEST_HOST = "$(BUILT_PRODUCTS_DIR)/HocTrucTuyen.app/HocTrucTuyen";
			};
			name = Debug;
		};
		1358227B25612ABF0096CFAA /* Release */ = {
			isa = XCBuildConfiguration;
			buildSettings = {
				ALWAYS_EMBED_SWIFT_STANDARD_LIBRARIES = YES;
				BUNDLE_LOADER = "$(TEST_HOST)";
				CODE_SIGN_STYLE = Automatic;
				INFOPLIST_FILE = HocTrucTuyenTests/Info.plist;
				IPHONEOS_DEPLOYMENT_TARGET = 14.2;
				LD_RUNPATH_SEARCH_PATHS = (
					"$(inherited)",
					"@executable_path/Frameworks",
					"@loader_path/Frameworks",
				);
				PRODUCT_BUNDLE_IDENTIFIER = thanduchuy.HocTrucTuyenTests;
				PRODUCT_NAME = "$(TARGET_NAME)";
				SWIFT_VERSION = 5.0;
				TARGETED_DEVICE_FAMILY = "1,2";
				TEST_HOST = "$(BUILT_PRODUCTS_DIR)/HocTrucTuyen.app/HocTrucTuyen";
			};
			name = Release;
		};
		1358227D25612ABF0096CFAA /* Debug */ = {
			isa = XCBuildConfiguration;
			buildSettings = {
				ALWAYS_EMBED_SWIFT_STANDARD_LIBRARIES = YES;
				CODE_SIGN_STYLE = Automatic;
				INFOPLIST_FILE = HocTrucTuyenUITests/Info.plist;
				LD_RUNPATH_SEARCH_PATHS = (
					"$(inherited)",
					"@executable_path/Frameworks",
					"@loader_path/Frameworks",
				);
				PRODUCT_BUNDLE_IDENTIFIER = thanduchuy.HocTrucTuyenUITests;
				PRODUCT_NAME = "$(TARGET_NAME)";
				SWIFT_VERSION = 5.0;
				TARGETED_DEVICE_FAMILY = "1,2";
				TEST_TARGET_NAME = HocTrucTuyen;
			};
			name = Debug;
		};
		1358227E25612ABF0096CFAA /* Release */ = {
			isa = XCBuildConfiguration;
			buildSettings = {
				ALWAYS_EMBED_SWIFT_STANDARD_LIBRARIES = YES;
				CODE_SIGN_STYLE = Automatic;
				INFOPLIST_FILE = HocTrucTuyenUITests/Info.plist;
				LD_RUNPATH_SEARCH_PATHS = (
					"$(inherited)",
					"@executable_path/Frameworks",
					"@loader_path/Frameworks",
				);
				PRODUCT_BUNDLE_IDENTIFIER = thanduchuy.HocTrucTuyenUITests;
				PRODUCT_NAME = "$(TARGET_NAME)";
				SWIFT_VERSION = 5.0;
				TARGETED_DEVICE_FAMILY = "1,2";
				TEST_TARGET_NAME = HocTrucTuyen;
			};
			name = Release;
		};
/* End XCBuildConfiguration section */

/* Begin XCConfigurationList section */
		1358224425612ABD0096CFAA /* Build configuration list for PBXProject "HocTrucTuyen" */ = {
			isa = XCConfigurationList;
			buildConfigurations = (
				1358227425612ABF0096CFAA /* Debug */,
				1358227525612ABF0096CFAA /* Release */,
			);
			defaultConfigurationIsVisible = 0;
			defaultConfigurationName = Release;
		};
		1358227625612ABF0096CFAA /* Build configuration list for PBXNativeTarget "HocTrucTuyen" */ = {
			isa = XCConfigurationList;
			buildConfigurations = (
				1358227725612ABF0096CFAA /* Debug */,
				1358227825612ABF0096CFAA /* Release */,
			);
			defaultConfigurationIsVisible = 0;
			defaultConfigurationName = Release;
		};
		1358227925612ABF0096CFAA /* Build configuration list for PBXNativeTarget "HocTrucTuyenTests" */ = {
			isa = XCConfigurationList;
			buildConfigurations = (
				1358227A25612ABF0096CFAA /* Debug */,
				1358227B25612ABF0096CFAA /* Release */,
			);
			defaultConfigurationIsVisible = 0;
			defaultConfigurationName = Release;
		};
		1358227C25612ABF0096CFAA /* Build configuration list for PBXNativeTarget "HocTrucTuyenUITests" */ = {
			isa = XCConfigurationList;
			buildConfigurations = (
				1358227D25612ABF0096CFAA /* Debug */,
				1358227E25612ABF0096CFAA /* Release */,
			);
			defaultConfigurationIsVisible = 0;
			defaultConfigurationName = Release;
		};
/* End XCConfigurationList section */

/* Begin XCVersionGroup section */
		1358225525612ABD0096CFAA /* HocTrucTuyen.xcdatamodeld */ = {
			isa = XCVersionGroup;
			children = (
				1358225625612ABD0096CFAA /* HocTrucTuyen.xcdatamodel */,
			);
			currentVersion = 1358225625612ABD0096CFAA /* HocTrucTuyen.xcdatamodel */;
			path = HocTrucTuyen.xcdatamodeld;
			sourceTree = "<group>";
			versionGroupType = wrapper.xcdatamodel;
		};
/* End XCVersionGroup section */
	};
	rootObject = 1358224125612ABD0096CFAA /* Project object */;
}
